
Microsoft Visual Studio Solution File, Format Version 12.00
# Visual Studio Version 17
VisualStudioVersion = 17.3.32922.545
MinimumVisualStudioVersion = 10.0.40219.1
Project("{FAE04EC0-301F-11D3-BF4B-00C04F79EFBC}") = "Formularz", "Formularz\Formularz.csproj", "{3071BE6B-584C-4382-8CB1-A23B6593FEA7}"
EndProject
Global
	GlobalSection(SolutionConfigurationPlatforms) = preSolution
		Debug|Any CPU = Debug|Any CPU
		Release|Any CPU = Release|Any CPU
	EndGlobalSection
	GlobalSection(ProjectConfigurationPlatforms) = postSolution
		{3071BE6B-584C-4382-8CB1-A23B6593FEA7}.Debug|Any CPU.ActiveCfg = Debug|Any CPU
		{3071BE6B-584C-4382-8CB1-A23B6593FEA7}.Debug|Any CPU.Build.0 = Debug|Any CPU
		{3071BE6B-584C-4382-8CB1-A23B6593FEA7}.Release|Any CPU.ActiveCfg = Release|Any CPU
		{3071BE6B-584C-4382-8CB1-A23B6593FEA7}.Release|Any CPU.Build.0 = Release|Any CPU
	EndGlobalSection
	GlobalSection(SolutionProperties) = preSolution
		HideSolutionNode = FALSE
	EndGlobalSection
	GlobalSection(ExtensibilityGlobals) = postSolution
		SolutionGuid = {4F1AA866-57BA-44CA-93B1-1D11E5601A44}
	EndGlobalSection
EndGlobal
