
Microsoft Visual Studio Solution File, Format Version 12.00
# Visual Studio Version 17
VisualStudioVersion = 17.3.32922.545
MinimumVisualStudioVersion = 10.0.40219.1
Project("{FAE04EC0-301F-11D3-BF4B-00C04F79EFBC}") = "test", "test\test.csproj", "{27252A57-6B65-4A35-A279-706024E7DA4E}"
EndProject
Global
	GlobalSection(SolutionConfigurationPlatforms) = preSolution
		Debug|Any CPU = Debug|Any CPU
		Release|Any CPU = Release|Any CPU
	EndGlobalSection
	GlobalSection(ProjectConfigurationPlatforms) = postSolution
		{27252A57-6B65-4A35-A279-706024E7DA4E}.Debug|Any CPU.ActiveCfg = Debug|Any CPU
		{27252A57-6B65-4A35-A279-706024E7DA4E}.Debug|Any CPU.Build.0 = Debug|Any CPU
		{27252A57-6B65-4A35-A279-706024E7DA4E}.Release|Any CPU.ActiveCfg = Release|Any CPU
		{27252A57-6B65-4A35-A279-706024E7DA4E}.Release|Any CPU.Build.0 = Release|Any CPU
	EndGlobalSection
	GlobalSection(SolutionProperties) = preSolution
		HideSolutionNode = FALSE
	EndGlobalSection
	GlobalSection(ExtensibilityGlobals) = postSolution
		SolutionGuid = {72CD11A4-5046-4CA2-942E-8577251C181C}
	EndGlobalSection
EndGlobal
